
Microsoft Visual Studio Solution File, Format Version 12.00
# Visual Studio Version 16
VisualStudioVersion = 16.0.30002.166
MinimumVisualStudioVersion = 10.0.40219.1
Project("{9A19103F-16F7-4668-BE54-9A1E7A4F7556}") = "tracktor.app", "tracktor.app\tracktor.app.csproj", "{238B97F8-7CEB-43A2-AE32-19E5D63C40B3}"
EndProject
Global
	GlobalSection(SolutionConfigurationPlatforms) = preSolution
		Debug|Any CPU = Debug|Any CPU
		Release|Any CPU = Release|Any CPU
		UAT|Any CPU = UAT|Any CPU
	EndGlobalSection
	GlobalSection(ProjectConfigurationPlatforms) = postSolution
		{238B97F8-7CEB-43A2-AE32-19E5D63C40B3}.Debug|Any CPU.ActiveCfg = Debug|Any CPU
		{238B97F8-7CEB-43A2-AE32-19E5D63C40B3}.Debug|Any CPU.Build.0 = Debug|Any CPU
		{238B97F8-7CEB-43A2-AE32-19E5D63C40B3}.Release|Any CPU.ActiveCfg = Release|Any CPU
		{238B97F8-7CEB-43A2-AE32-19E5D63C40B3}.Release|Any CPU.Build.0 = Release|Any CPU
		{238B97F8-7CEB-43A2-AE32-19E5D63C40B3}.UAT|Any CPU.ActiveCfg = Debug|Any CPU
		{238B97F8-7CEB-43A2-AE32-19E5D63C40B3}.UAT|Any CPU.Build.0 = Debug|Any CPU
	EndGlobalSection
	GlobalSection(SolutionProperties) = preSolution
		HideSolutionNode = FALSE
	EndGlobalSection
	GlobalSection(ExtensibilityGlobals) = postSolution
		SolutionGuid = {CE3B2E6E-DAA1-4C2D-A5A5-0110338561C0}
	EndGlobalSection
EndGlobal
